
Microsoft Visual Studio Solution File, Format Version 12.00
# Visual Studio 15
VisualStudioVersion = 15.0.28307.489
MinimumVisualStudioVersion = 10.0.40219.1
Project("{FAE04EC0-301F-11D3-BF4B-00C04F79EFBC}") = "EfficientWorker", "EfficientWorker\EfficientWorker.csproj", "{7A95C8E3-DB92-474F-B13B-8703FF028CDB}"
EndProject
Global
	GlobalSection(SolutionConfigurationPlatforms) = preSolution
		Debug|Any CPU = Debug|Any CPU
		Release|Any CPU = Release|Any CPU
	EndGlobalSection
	GlobalSection(ProjectConfigurationPlatforms) = postSolution
		{7A95C8E3-DB92-474F-B13B-8703FF028CDB}.Debug|Any CPU.ActiveCfg = Debug|Any CPU
		{7A95C8E3-DB92-474F-B13B-8703FF028CDB}.Debug|Any CPU.Build.0 = Debug|Any CPU
		{7A95C8E3-DB92-474F-B13B-8703FF028CDB}.Release|Any CPU.ActiveCfg = Release|Any CPU
		{7A95C8E3-DB92-474F-B13B-8703FF028CDB}.Release|Any CPU.Build.0 = Release|Any CPU
	EndGlobalSection
	GlobalSection(SolutionProperties) = preSolution
		HideSolutionNode = FALSE
	EndGlobalSection
	GlobalSection(ExtensibilityGlobals) = postSolution
		SolutionGuid = {7530F7F6-A84A-456D-92C3-95CF7D1A4A4F}
	EndGlobalSection
EndGlobal
